
Microsoft Visual Studio Solution File, Format Version 12.00
# Visual Studio Version 17
VisualStudioVersion = 17.8.34309.116
MinimumVisualStudioVersion = 10.0.40219.1
Project("{FAE04EC0-301F-11D3-BF4B-00C04F79EFBC}") = "Api_Nasa", "Api_Nasa\Api_Nasa.csproj", "{C6C1516F-E1A7-414D-A9A8-0F279627671E}"
EndProject
Global
	GlobalSection(SolutionConfigurationPlatforms) = preSolution
		Debug|Any CPU = Debug|Any CPU
		Release|Any CPU = Release|Any CPU
	EndGlobalSection
	GlobalSection(ProjectConfigurationPlatforms) = postSolution
		{C6C1516F-E1A7-414D-A9A8-0F279627671E}.Debug|Any CPU.ActiveCfg = Debug|Any CPU
		{C6C1516F-E1A7-414D-A9A8-0F279627671E}.Debug|Any CPU.Build.0 = Debug|Any CPU
		{C6C1516F-E1A7-414D-A9A8-0F279627671E}.Release|Any CPU.ActiveCfg = Release|Any CPU
		{C6C1516F-E1A7-414D-A9A8-0F279627671E}.Release|Any CPU.Build.0 = Release|Any CPU
	EndGlobalSection
	GlobalSection(SolutionProperties) = preSolution
		HideSolutionNode = FALSE
	EndGlobalSection
	GlobalSection(ExtensibilityGlobals) = postSolution
		SolutionGuid = {FF46330C-6105-40DC-9275-1D45AEE2D47C}
	EndGlobalSection
EndGlobal
